
Microsoft Visual Studio Solution File, Format Version 12.00
# Visual Studio Version 16
VisualStudioVersion = 16.0.30611.23
MinimumVisualStudioVersion = 10.0.40219.1
Project("{FAE04EC0-301F-11D3-BF4B-00C04F79EFBC}") = "XVB_GUI", "XVB_GUI.csproj", "{DABAD06F-119F-4BAA-8028-F7045CBA569F}"
EndProject
Project("{54435603-DBB4-11D2-8724-00A0C9A8B90C}") = "XvB_GUI_Setup", "..\XvB_GUI_Setup\XvB_GUI_Setup.vdproj", "{FC242D1E-E2F3-4A73-8F15-40044D31C87D}"
EndProject
Global
	GlobalSection(SolutionConfigurationPlatforms) = preSolution
		Debug|Any CPU = Debug|Any CPU
		Release|Any CPU = Release|Any CPU
	EndGlobalSection
	GlobalSection(ProjectConfigurationPlatforms) = postSolution
		{DABAD06F-119F-4BAA-8028-F7045CBA569F}.Debug|Any CPU.ActiveCfg = Debug|Any CPU
		{DABAD06F-119F-4BAA-8028-F7045CBA569F}.Debug|Any CPU.Build.0 = Debug|Any CPU
		{DABAD06F-119F-4BAA-8028-F7045CBA569F}.Release|Any CPU.ActiveCfg = Release|Any CPU
		{DABAD06F-119F-4BAA-8028-F7045CBA569F}.Release|Any CPU.Build.0 = Release|Any CPU
		{FC242D1E-E2F3-4A73-8F15-40044D31C87D}.Debug|Any CPU.ActiveCfg = Debug
		{FC242D1E-E2F3-4A73-8F15-40044D31C87D}.Release|Any CPU.ActiveCfg = Release
	EndGlobalSection
	GlobalSection(SolutionProperties) = preSolution
		HideSolutionNode = FALSE
	EndGlobalSection
	GlobalSection(ExtensibilityGlobals) = postSolution
		SolutionGuid = {EFB5C4D4-8C32-49EE-9154-552871015892}
	EndGlobalSection
EndGlobal
